
Microsoft Visual Studio Solution File, Format Version 12.00
# Visual Studio Version 16
VisualStudioVersion = 16.0.29020.237
MinimumVisualStudioVersion = 10.0.40219.1
Project("{FAE04EC0-301F-11D3-BF4B-00C04F79EFBC}") = "GroupProject_dotNET_MVC", "GroupProject_dotNET_MVC\GroupProject_dotNET_MVC.csproj", "{95F9E7D7-D5D7-4C77-B64B-E1F8EB5CD8FC}"
EndProject
Project("{FAE04EC0-301F-11D3-BF4B-00C04F79EFBC}") = "GroupProject_dotNET_MVC.Tests", "GroupProject_dotNET_MVC.Tests\GroupProject_dotNET_MVC.Tests.csproj", "{EDC2AB27-056C-4324-B711-E165485B7D8A}"
EndProject
Global
	GlobalSection(SolutionConfigurationPlatforms) = preSolution
		Debug|Any CPU = Debug|Any CPU
		Release|Any CPU = Release|Any CPU
	EndGlobalSection
	GlobalSection(ProjectConfigurationPlatforms) = postSolution
		{95F9E7D7-D5D7-4C77-B64B-E1F8EB5CD8FC}.Debug|Any CPU.ActiveCfg = Debug|Any CPU
		{95F9E7D7-D5D7-4C77-B64B-E1F8EB5CD8FC}.Debug|Any CPU.Build.0 = Debug|Any CPU
		{95F9E7D7-D5D7-4C77-B64B-E1F8EB5CD8FC}.Release|Any CPU.ActiveCfg = Release|Any CPU
		{95F9E7D7-D5D7-4C77-B64B-E1F8EB5CD8FC}.Release|Any CPU.Build.0 = Release|Any CPU
		{EDC2AB27-056C-4324-B711-E165485B7D8A}.Debug|Any CPU.ActiveCfg = Debug|Any CPU
		{EDC2AB27-056C-4324-B711-E165485B7D8A}.Debug|Any CPU.Build.0 = Debug|Any CPU
		{EDC2AB27-056C-4324-B711-E165485B7D8A}.Release|Any CPU.ActiveCfg = Release|Any CPU
		{EDC2AB27-056C-4324-B711-E165485B7D8A}.Release|Any CPU.Build.0 = Release|Any CPU
	EndGlobalSection
	GlobalSection(SolutionProperties) = preSolution
		HideSolutionNode = FALSE
	EndGlobalSection
	GlobalSection(ExtensibilityGlobals) = postSolution
		SolutionGuid = {60DD668B-CC50-42C3-A6B8-885CA287C8C0}
	EndGlobalSection
EndGlobal
